
Microsoft Visual Studio Solution File, Format Version 11.00
# Visual Studio 2010
Project("{FAE04EC0-301F-11D3-BF4B-00C04F79EFBC}") = "Friday.mvc", "Friday.mvc\Friday.mvc.csproj", "{0AA7F462-6413-4931-A30B-6204A32E3901}"
EndProject
Project("{FAE04EC0-301F-11D3-BF4B-00C04F79EFBC}") = "Friday.core", "Friday.core\Friday.core.csproj", "{94A7D4D5-4032-4738-BD5E-C3FEAC319C5A}"
EndProject
Project("{2150E333-8FDC-42A3-9474-1A3956D46DE8}") = "lib", "lib", "{DEEB1032-D2E9-4365-9095-49D316C85579}"
	ProjectSection(SolutionItems) = preProject
		lib\HibernatingRhinos.NHibernate.Profiler.Appender.dll = lib\HibernatingRhinos.NHibernate.Profiler.Appender.dll
		lib\log4net.dll = lib\log4net.dll
		lib\MbUnit.Framework.dll = lib\MbUnit.Framework.dll
		lib\Newtonsoft.Json.dll = lib\Newtonsoft.Json.dll
		lib\Newtonsoft.Json.pdb = lib\Newtonsoft.Json.pdb
	EndProjectSection
EndProject
Project("{FAE04EC0-301F-11D3-BF4B-00C04F79EFBC}") = "Friday.Test2", "Friday.Test2\Friday.Test2.csproj", "{6FA9CAE9-B815-46BE-A095-2B5E603C411E}"
EndProject
Global
	GlobalSection(SolutionConfigurationPlatforms) = preSolution
		Debug|Any CPU = Debug|Any CPU
		Release|Any CPU = Release|Any CPU
	EndGlobalSection
	GlobalSection(ProjectConfigurationPlatforms) = postSolution
		{0AA7F462-6413-4931-A30B-6204A32E3901}.Debug|Any CPU.ActiveCfg = Debug|Any CPU
		{0AA7F462-6413-4931-A30B-6204A32E3901}.Debug|Any CPU.Build.0 = Debug|Any CPU
		{0AA7F462-6413-4931-A30B-6204A32E3901}.Release|Any CPU.ActiveCfg = Release|Any CPU
		{0AA7F462-6413-4931-A30B-6204A32E3901}.Release|Any CPU.Build.0 = Release|Any CPU
		{94A7D4D5-4032-4738-BD5E-C3FEAC319C5A}.Debug|Any CPU.ActiveCfg = Debug|Any CPU
		{94A7D4D5-4032-4738-BD5E-C3FEAC319C5A}.Debug|Any CPU.Build.0 = Debug|Any CPU
		{94A7D4D5-4032-4738-BD5E-C3FEAC319C5A}.Release|Any CPU.ActiveCfg = Release|Any CPU
		{94A7D4D5-4032-4738-BD5E-C3FEAC319C5A}.Release|Any CPU.Build.0 = Release|Any CPU
		{6FA9CAE9-B815-46BE-A095-2B5E603C411E}.Debug|Any CPU.ActiveCfg = Debug|Any CPU
		{6FA9CAE9-B815-46BE-A095-2B5E603C411E}.Debug|Any CPU.Build.0 = Debug|Any CPU
		{6FA9CAE9-B815-46BE-A095-2B5E603C411E}.Release|Any CPU.ActiveCfg = Release|Any CPU
		{6FA9CAE9-B815-46BE-A095-2B5E603C411E}.Release|Any CPU.Build.0 = Release|Any CPU
	EndGlobalSection
	GlobalSection(SolutionProperties) = preSolution
		HideSolutionNode = FALSE
	EndGlobalSection
	GlobalSection(ExtensibilityGlobals) = postSolution
		EnterpriseLibraryConfigurationToolBinariesPath = packages\Unity.2.1.505.2\lib\NET35
	EndGlobalSection
EndGlobal
